// !$*UTF8*$!
{
	archiveVersion = 1;
	classes = {
	};
	objectVersion = 50;
	objects = {

/* Begin PBXBuildFile section */
		D02EEB9022B5059F008F6C11 /* AppDelegate.swift in Sources */ = {isa = PBXBuildFile; fileRef = D02EEB8F22B5059F008F6C11 /* AppDelegate.swift */; };
		D02EEB9222B5059F008F6C11 /* ViewController.swift in Sources */ = {isa = PBXBuildFile; fileRef = D02EEB9122B5059F008F6C11 /* ViewController.swift */; };
		D02EEB9522B5059F008F6C11 /* Main.storyboard in Resources */ = {isa = PBXBuildFile; fileRef = D02EEB9322B5059F008F6C11 /* Main.storyboard */; };
		D02EEB9722B505A0008F6C11 /* Assets.xcassets in Resources */ = {isa = PBXBuildFile; fileRef = D02EEB9622B505A0008F6C11 /* Assets.xcassets */; };
		D02EEB9A22B505A0008F6C11 /* LaunchScreen.storyboard in Resources */ = {isa = PBXBuildFile; fileRef = D02EEB9822B505A0008F6C11 /* LaunchScreen.storyboard */; };
		D02EEBA222B5083C008F6C11 /* DeadliftModel.swift in Sources */ = {isa = PBXBuildFile; fileRef = D02EEBA122B5083C008F6C11 /* DeadliftModel.swift */; };
		D02EEBA622B51684008F6C11 /* SetWeightsViewController.swift in Sources */ = {isa = PBXBuildFile; fileRef = D02EEBA522B51684008F6C11 /* SetWeightsViewController.swift */; };
		D04A1E9722B5470400BEBC5C /* WeekOneViewController.swift in Sources */ = {isa = PBXBuildFile; fileRef = D04A1E9622B5470400BEBC5C /* WeekOneViewController.swift */; };
		D04A1E9A22B547A700BEBC5C /* WeekTwoViewController.swift in Sources */ = {isa = PBXBuildFile; fileRef = D04A1E9922B547A700BEBC5C /* WeekTwoViewController.swift */; };
		D04A1E9D22B547C400BEBC5C /* WeekThreeViewController.swift in Sources */ = {isa = PBXBuildFile; fileRef = D04A1E9C22B547C400BEBC5C /* WeekThreeViewController.swift */; };
		D04A1E9F22B547D500BEBC5C /* WeekFourViewController.swift in Sources */ = {isa = PBXBuildFile; fileRef = D04A1E9E22B547D500BEBC5C /* WeekFourViewController.swift */; };
		D04A1EA422B56C9400BEBC5C /* WeekOneDeadliftDayViewController.swift in Sources */ = {isa = PBXBuildFile; fileRef = D04A1EA322B56C9400BEBC5C /* WeekOneDeadliftDayViewController.swift */; };
		D04A1EA622B56CB500BEBC5C /* WeekOneSquatDayViewController.swift in Sources */ = {isa = PBXBuildFile; fileRef = D04A1EA522B56CB500BEBC5C /* WeekOneSquatDayViewController.swift */; };
		D04A1EA822B56CC700BEBC5C /* WeekOneBenchDayViewController.swift in Sources */ = {isa = PBXBuildFile; fileRef = D04A1EA722B56CC700BEBC5C /* WeekOneBenchDayViewController.swift */; };
		D04A1EAA22B56CD800BEBC5C /* WeekOneOPDayViewController.swift in Sources */ = {isa = PBXBuildFile; fileRef = D04A1EA922B56CD800BEBC5C /* WeekOneOPDayViewController.swift */; };
		D04A1EAD22B56D0C00BEBC5C /* WeekTwoSquatDayViewController.swift in Sources */ = {isa = PBXBuildFile; fileRef = D04A1EAC22B56D0C00BEBC5C /* WeekTwoSquatDayViewController.swift */; };
		D04A1EAF22B56D1B00BEBC5C /* WeekTwoDeadliftDayViewController.swift in Sources */ = {isa = PBXBuildFile; fileRef = D04A1EAE22B56D1B00BEBC5C /* WeekTwoDeadliftDayViewController.swift */; };
		D04A1EB122B56D3200BEBC5C /* WeekTwoBenchDayViewController.swift in Sources */ = {isa = PBXBuildFile; fileRef = D04A1EB022B56D3200BEBC5C /* WeekTwoBenchDayViewController.swift */; };
		D04A1EB322B56D4900BEBC5C /* WeekTwoOPDayViewController.swift in Sources */ = {isa = PBXBuildFile; fileRef = D04A1EB222B56D4900BEBC5C /* WeekTwoOPDayViewController.swift */; };
		D04A1EB622B56D6F00BEBC5C /* WeekThreeSquatDayViewController.swift in Sources */ = {isa = PBXBuildFile; fileRef = D04A1EB522B56D6F00BEBC5C /* WeekThreeSquatDayViewController.swift */; };
		D04A1EB822B56D7F00BEBC5C /* WeekThreeDeadliftDayViewController.swift in Sources */ = {isa = PBXBuildFile; fileRef = D04A1EB722B56D7F00BEBC5C /* WeekThreeDeadliftDayViewController.swift */; };
		D04A1EBA22B56D9000BEBC5C /* WeekThreeBenchDayViewController.swift in Sources */ = {isa = PBXBuildFile; fileRef = D04A1EB922B56D9000BEBC5C /* WeekThreeBenchDayViewController.swift */; };
		D04A1EBC22B56D9F00BEBC5C /* WeekThreeOPDayViewController.swift in Sources */ = {isa = PBXBuildFile; fileRef = D04A1EBB22B56D9F00BEBC5C /* WeekThreeOPDayViewController.swift */; };
		D04A1EBF22B56DC100BEBC5C /* WeekFourSquatDayViewController.swift in Sources */ = {isa = PBXBuildFile; fileRef = D04A1EBE22B56DC100BEBC5C /* WeekFourSquatDayViewController.swift */; };
		D04A1EC122B56DDE00BEBC5C /* WeekFourDeadliftDayViewController.swift in Sources */ = {isa = PBXBuildFile; fileRef = D04A1EC022B56DDE00BEBC5C /* WeekFourDeadliftDayViewController.swift */; };
		D04A1EC322B56DED00BEBC5C /* WeekFourBenchDayViewController.swift in Sources */ = {isa = PBXBuildFile; fileRef = D04A1EC222B56DED00BEBC5C /* WeekFourBenchDayViewController.swift */; };
		D04A1EC522B56DFD00BEBC5C /* WeekFourOPDayViewController.swift in Sources */ = {isa = PBXBuildFile; fileRef = D04A1EC422B56DFD00BEBC5C /* WeekFourOPDayViewController.swift */; };
		D04A1EC722B5791A00BEBC5C /* SquatModel.swift in Sources */ = {isa = PBXBuildFile; fileRef = D04A1EC622B5791A00BEBC5C /* SquatModel.swift */; };
		D04A1EC922B5797B00BEBC5C /* BenchModel.swift in Sources */ = {isa = PBXBuildFile; fileRef = D04A1EC822B5797B00BEBC5C /* BenchModel.swift */; };
		D04A1ECE22B579CF00BEBC5C /* OverheadpressModel.swift in Sources */ = {isa = PBXBuildFile; fileRef = D04A1ECD22B579CF00BEBC5C /* OverheadpressModel.swift */; };
/* End PBXBuildFile section */

/* Begin PBXFileReference section */
		D02EEB8C22B5059F008F6C11 /* 531Zorzo.app */ = {isa = PBXFileReference; explicitFileType = wrapper.application; includeInIndex = 0; path = 531Zorzo.app; sourceTree = BUILT_PRODUCTS_DIR; };
		D02EEB8F22B5059F008F6C11 /* AppDelegate.swift */ = {isa = PBXFileReference; lastKnownFileType = sourcecode.swift; path = AppDelegate.swift; sourceTree = "<group>"; };
		D02EEB9122B5059F008F6C11 /* ViewController.swift */ = {isa = PBXFileReference; lastKnownFileType = sourcecode.swift; path = ViewController.swift; sourceTree = "<group>"; };
		D02EEB9422B5059F008F6C11 /* Base */ = {isa = PBXFileReference; lastKnownFileType = file.storyboard; name = Base; path = Base.lproj/Main.storyboard; sourceTree = "<group>"; };
		D02EEB9622B505A0008F6C11 /* Assets.xcassets */ = {isa = PBXFileReference; lastKnownFileType = folder.assetcatalog; path = Assets.xcassets; sourceTree = "<group>"; };
		D02EEB9922B505A0008F6C11 /* Base */ = {isa = PBXFileReference; lastKnownFileType = file.storyboard; name = Base; path = Base.lproj/LaunchScreen.storyboard; sourceTree = "<group>"; };
		D02EEB9B22B505A0008F6C11 /* Info.plist */ = {isa = PBXFileReference; lastKnownFileType = text.plist.xml; path = Info.plist; sourceTree = "<group>"; };
		D02EEBA122B5083C008F6C11 /* DeadliftModel.swift */ = {isa = PBXFileReference; lastKnownFileType = sourcecode.swift; path = DeadliftModel.swift; sourceTree = "<group>"; };
		D02EEBA522B51684008F6C11 /* SetWeightsViewController.swift */ = {isa = PBXFileReference; lastKnownFileType = sourcecode.swift; path = SetWeightsViewController.swift; sourceTree = "<group>"; };
		D04A1E9622B5470400BEBC5C /* WeekOneViewController.swift */ = {isa = PBXFileReference; lastKnownFileType = sourcecode.swift; path = WeekOneViewController.swift; sourceTree = "<group>"; };
		D04A1E9922B547A700BEBC5C /* WeekTwoViewController.swift */ = {isa = PBXFileReference; lastKnownFileType = sourcecode.swift; path = WeekTwoViewController.swift; sourceTree = "<group>"; };
		D04A1E9C22B547C400BEBC5C /* WeekThreeViewController.swift */ = {isa = PBXFileReference; lastKnownFileType = sourcecode.swift; path = WeekThreeViewController.swift; sourceTree = "<group>"; };
		D04A1E9E22B547D500BEBC5C /* WeekFourViewController.swift */ = {isa = PBXFileReference; lastKnownFileType = sourcecode.swift; path = WeekFourViewController.swift; sourceTree = "<group>"; };
		D04A1EA322B56C9400BEBC5C /* WeekOneDeadliftDayViewController.swift */ = {isa = PBXFileReference; lastKnownFileType = sourcecode.swift; path = WeekOneDeadliftDayViewController.swift; sourceTree = "<group>"; };
		D04A1EA522B56CB500BEBC5C /* WeekOneSquatDayViewController.swift */ = {isa = PBXFileReference; lastKnownFileType = sourcecode.swift; path = WeekOneSquatDayViewController.swift; sourceTree = "<group>"; };
		D04A1EA722B56CC700BEBC5C /* WeekOneBenchDayViewController.swift */ = {isa = PBXFileReference; lastKnownFileType = sourcecode.swift; path = WeekOneBenchDayViewController.swift; sourceTree = "<group>"; };
		D04A1EA922B56CD800BEBC5C /* WeekOneOPDayViewController.swift */ = {isa = PBXFileReference; lastKnownFileType = sourcecode.swift; path = WeekOneOPDayViewController.swift; sourceTree = "<group>"; };
		D04A1EAC22B56D0C00BEBC5C /* WeekTwoSquatDayViewController.swift */ = {isa = PBXFileReference; lastKnownFileType = sourcecode.swift; path = WeekTwoSquatDayViewController.swift; sourceTree = "<group>"; };
		D04A1EAE22B56D1B00BEBC5C /* WeekTwoDeadliftDayViewController.swift */ = {isa = PBXFileReference; lastKnownFileType = sourcecode.swift; path = WeekTwoDeadliftDayViewController.swift; sourceTree = "<group>"; };
		D04A1EB022B56D3200BEBC5C /* WeekTwoBenchDayViewController.swift */ = {isa = PBXFileReference; lastKnownFileType = sourcecode.swift; path = WeekTwoBenchDayViewController.swift; sourceTree = "<group>"; };
		D04A1EB222B56D4900BEBC5C /* WeekTwoOPDayViewController.swift */ = {isa = PBXFileReference; lastKnownFileType = sourcecode.swift; path = WeekTwoOPDayViewController.swift; sourceTree = "<group>"; };
		D04A1EB522B56D6F00BEBC5C /* WeekThreeSquatDayViewController.swift */ = {isa = PBXFileReference; lastKnownFileType = sourcecode.swift; path = WeekThreeSquatDayViewController.swift; sourceTree = "<group>"; };
		D04A1EB722B56D7F00BEBC5C /* WeekThreeDeadliftDayViewController.swift */ = {isa = PBXFileReference; lastKnownFileType = sourcecode.swift; path = WeekThreeDeadliftDayViewController.swift; sourceTree = "<group>"; };
		D04A1EB922B56D9000BEBC5C /* WeekThreeBenchDayViewController.swift */ = {isa = PBXFileReference; lastKnownFileType = sourcecode.swift; path = WeekThreeBenchDayViewController.swift; sourceTree = "<group>"; };
		D04A1EBB22B56D9F00BEBC5C /* WeekThreeOPDayViewController.swift */ = {isa = PBXFileReference; lastKnownFileType = sourcecode.swift; path = WeekThreeOPDayViewController.swift; sourceTree = "<group>"; };
		D04A1EBE22B56DC100BEBC5C /* WeekFourSquatDayViewController.swift */ = {isa = PBXFileReference; lastKnownFileType = sourcecode.swift; path = WeekFourSquatDayViewController.swift; sourceTree = "<group>"; };
		D04A1EC022B56DDE00BEBC5C /* WeekFourDeadliftDayViewController.swift */ = {isa = PBXFileReference; lastKnownFileType = sourcecode.swift; path = WeekFourDeadliftDayViewController.swift; sourceTree = "<group>"; };
		D04A1EC222B56DED00BEBC5C /* WeekFourBenchDayViewController.swift */ = {isa = PBXFileReference; lastKnownFileType = sourcecode.swift; path = WeekFourBenchDayViewController.swift; sourceTree = "<group>"; };
		D04A1EC422B56DFD00BEBC5C /* WeekFourOPDayViewController.swift */ = {isa = PBXFileReference; lastKnownFileType = sourcecode.swift; path = WeekFourOPDayViewController.swift; sourceTree = "<group>"; };
		D04A1EC622B5791A00BEBC5C /* SquatModel.swift */ = {isa = PBXFileReference; lastKnownFileType = sourcecode.swift; path = SquatModel.swift; sourceTree = "<group>"; };
		D04A1EC822B5797B00BEBC5C /* BenchModel.swift */ = {isa = PBXFileReference; lastKnownFileType = sourcecode.swift; path = BenchModel.swift; sourceTree = "<group>"; };
		D04A1ECD22B579CF00BEBC5C /* OverheadpressModel.swift */ = {isa = PBXFileReference; lastKnownFileType = sourcecode.swift; path = OverheadpressModel.swift; sourceTree = "<group>"; };
/* End PBXFileReference section */

/* Begin PBXFrameworksBuildPhase section */
		D02EEB8922B5059F008F6C11 /* Frameworks */ = {
			isa = PBXFrameworksBuildPhase;
			buildActionMask = 2147483647;
			files = (
			);
			runOnlyForDeploymentPostprocessing = 0;
		};
/* End PBXFrameworksBuildPhase section */

/* Begin PBXGroup section */
		D02EEB8322B5059F008F6C11 = {
			isa = PBXGroup;
			children = (
				D02EEB8E22B5059F008F6C11 /* 531Zorzo */,
				D02EEB8D22B5059F008F6C11 /* Products */,
			);
			sourceTree = "<group>";
		};
		D02EEB8D22B5059F008F6C11 /* Products */ = {
			isa = PBXGroup;
			children = (
				D02EEB8C22B5059F008F6C11 /* 531Zorzo.app */,
			);
			name = Products;
			sourceTree = "<group>";
		};
		D02EEB8E22B5059F008F6C11 /* 531Zorzo */ = {
			isa = PBXGroup;
			children = (
				D04A1EA022B56B9E00BEBC5C /* ViewControllers */,
				D02EEB8F22B5059F008F6C11 /* AppDelegate.swift */,
				D02EEB9322B5059F008F6C11 /* Main.storyboard */,
				D02EEB9622B505A0008F6C11 /* Assets.xcassets */,
				D02EEB9822B505A0008F6C11 /* LaunchScreen.storyboard */,
				D02EEB9B22B505A0008F6C11 /* Info.plist */,
				D04A1EC622B5791A00BEBC5C /* SquatModel.swift */,
				D02EEBA122B5083C008F6C11 /* DeadliftModel.swift */,
				D04A1EC822B5797B00BEBC5C /* BenchModel.swift */,
				D04A1ECD22B579CF00BEBC5C /* OverheadpressModel.swift */,
			);
			path = 531Zorzo;
			sourceTree = "<group>";
		};
		D04A1EA022B56B9E00BEBC5C /* ViewControllers */ = {
			isa = PBXGroup;
			children = (
				D02EEB9122B5059F008F6C11 /* ViewController.swift */,
				D02EEBA522B51684008F6C11 /* SetWeightsViewController.swift */,
				D04A1EA122B56BDA00BEBC5C /* WeekOneViewControllers */,
				D04A1EAB22B56CE700BEBC5C /* WeekTwoViewControllers */,
				D04A1EB422B56D4E00BEBC5C /* WeekThreeViewControllers */,
				D04A1EBD22B56DA500BEBC5C /* WeekFourViewControllers */,
			);
			path = ViewControllers;
			sourceTree = "<group>";
		};
		D04A1EA122B56BDA00BEBC5C /* WeekOneViewControllers */ = {
			isa = PBXGroup;
			children = (
				D04A1E9622B5470400BEBC5C /* WeekOneViewController.swift */,
				D04A1EA522B56CB500BEBC5C /* WeekOneSquatDayViewController.swift */,
				D04A1EA322B56C9400BEBC5C /* WeekOneDeadliftDayViewController.swift */,
				D04A1EA722B56CC700BEBC5C /* WeekOneBenchDayViewController.swift */,
				D04A1EA922B56CD800BEBC5C /* WeekOneOPDayViewController.swift */,
			);
			path = WeekOneViewControllers;
			sourceTree = "<group>";
		};
		D04A1EAB22B56CE700BEBC5C /* WeekTwoViewControllers */ = {
			isa = PBXGroup;
			children = (
				D04A1E9922B547A700BEBC5C /* WeekTwoViewController.swift */,
				D04A1EAC22B56D0C00BEBC5C /* WeekTwoSquatDayViewController.swift */,
				D04A1EAE22B56D1B00BEBC5C /* WeekTwoDeadliftDayViewController.swift */,
				D04A1EB022B56D3200BEBC5C /* WeekTwoBenchDayViewController.swift */,
				D04A1EB222B56D4900BEBC5C /* WeekTwoOPDayViewController.swift */,
			);
			path = WeekTwoViewControllers;
			sourceTree = "<group>";
		};
		D04A1EB422B56D4E00BEBC5C /* WeekThreeViewControllers */ = {
			isa = PBXGroup;
			children = (
				D04A1E9C22B547C400BEBC5C /* WeekThreeViewController.swift */,
				D04A1EB522B56D6F00BEBC5C /* WeekThreeSquatDayViewController.swift */,
				D04A1EB722B56D7F00BEBC5C /* WeekThreeDeadliftDayViewController.swift */,
				D04A1EB922B56D9000BEBC5C /* WeekThreeBenchDayViewController.swift */,
				D04A1EBB22B56D9F00BEBC5C /* WeekThreeOPDayViewController.swift */,
			);
			path = WeekThreeViewControllers;
			sourceTree = "<group>";
		};
		D04A1EBD22B56DA500BEBC5C /* WeekFourViewControllers */ = {
			isa = PBXGroup;
			children = (
				D04A1E9E22B547D500BEBC5C /* WeekFourViewController.swift */,
				D04A1EBE22B56DC100BEBC5C /* WeekFourSquatDayViewController.swift */,
				D04A1EC022B56DDE00BEBC5C /* WeekFourDeadliftDayViewController.swift */,
				D04A1EC222B56DED00BEBC5C /* WeekFourBenchDayViewController.swift */,
				D04A1EC422B56DFD00BEBC5C /* WeekFourOPDayViewController.swift */,
			);
			path = WeekFourViewControllers;
			sourceTree = "<group>";
		};
/* End PBXGroup section */

/* Begin PBXNativeTarget section */
		D02EEB8B22B5059F008F6C11 /* 531Zorzo */ = {
			isa = PBXNativeTarget;
			buildConfigurationList = D02EEB9E22B505A0008F6C11 /* Build configuration list for PBXNativeTarget "531Zorzo" */;
			buildPhases = (
				D02EEB8822B5059F008F6C11 /* Sources */,
				D02EEB8922B5059F008F6C11 /* Frameworks */,
				D02EEB8A22B5059F008F6C11 /* Resources */,
			);
			buildRules = (
			);
			dependencies = (
			);
			name = 531Zorzo;
			productName = 531Zorzo;
			productReference = D02EEB8C22B5059F008F6C11 /* 531Zorzo.app */;
			productType = "com.apple.product-type.application";
		};
/* End PBXNativeTarget section */

/* Begin PBXProject section */
		D02EEB8422B5059F008F6C11 /* Project object */ = {
			isa = PBXProject;
			attributes = {
				LastSwiftUpdateCheck = 1020;
				LastUpgradeCheck = 1020;
				ORGANIZATIONNAME = "Zoltan Puchovsky";
				TargetAttributes = {
					D02EEB8B22B5059F008F6C11 = {
						CreatedOnToolsVersion = 10.2.1;
					};
				};
			};
			buildConfigurationList = D02EEB8722B5059F008F6C11 /* Build configuration list for PBXProject "531Zorzo" */;
			compatibilityVersion = "Xcode 9.3";
			developmentRegion = en;
			hasScannedForEncodings = 0;
			knownRegions = (
				en,
				Base,
			);
			mainGroup = D02EEB8322B5059F008F6C11;
			productRefGroup = D02EEB8D22B5059F008F6C11 /* Products */;
			projectDirPath = "";
			projectRoot = "";
			targets = (
				D02EEB8B22B5059F008F6C11 /* 531Zorzo */,
			);
		};
/* End PBXProject section */

/* Begin PBXResourcesBuildPhase section */
		D02EEB8A22B5059F008F6C11 /* Resources */ = {
			isa = PBXResourcesBuildPhase;
			buildActionMask = 2147483647;
			files = (
				D02EEB9A22B505A0008F6C11 /* LaunchScreen.storyboard in Resources */,
				D02EEB9722B505A0008F6C11 /* Assets.xcassets in Resources */,
				D02EEB9522B5059F008F6C11 /* Main.storyboard in Resources */,
			);
			runOnlyForDeploymentPostprocessing = 0;
		};
/* End PBXResourcesBuildPhase section */

/* Begin PBXSourcesBuildPhase section */
		D02EEB8822B5059F008F6C11 /* Sources */ = {
			isa = PBXSourcesBuildPhase;
			buildActionMask = 2147483647;
			files = (
				D04A1EA422B56C9400BEBC5C /* WeekOneDeadliftDayViewController.swift in Sources */,
				D04A1E9722B5470400BEBC5C /* WeekOneViewController.swift in Sources */,
				D02EEB9222B5059F008F6C11 /* ViewController.swift in Sources */,
				D02EEB9022B5059F008F6C11 /* AppDelegate.swift in Sources */,
				D04A1EB122B56D3200BEBC5C /* WeekTwoBenchDayViewController.swift in Sources */,
				D02EEBA222B5083C008F6C11 /* DeadliftModel.swift in Sources */,
				D04A1EA622B56CB500BEBC5C /* WeekOneSquatDayViewController.swift in Sources */,
				D04A1EB822B56D7F00BEBC5C /* WeekThreeDeadliftDayViewController.swift in Sources */,
				D04A1EBF22B56DC100BEBC5C /* WeekFourSquatDayViewController.swift in Sources */,
				D04A1EC322B56DED00BEBC5C /* WeekFourBenchDayViewController.swift in Sources */,
				D02EEBA622B51684008F6C11 /* SetWeightsViewController.swift in Sources */,
				D04A1EB622B56D6F00BEBC5C /* WeekThreeSquatDayViewController.swift in Sources */,
				D04A1EA822B56CC700BEBC5C /* WeekOneBenchDayViewController.swift in Sources */,
				D04A1E9A22B547A700BEBC5C /* WeekTwoViewController.swift in Sources */,
				D04A1ECE22B579CF00BEBC5C /* OverheadpressModel.swift in Sources */,
				D04A1EB322B56D4900BEBC5C /* WeekTwoOPDayViewController.swift in Sources */,
				D04A1EC122B56DDE00BEBC5C /* WeekFourDeadliftDayViewController.swift in Sources */,
				D04A1EC522B56DFD00BEBC5C /* WeekFourOPDayViewController.swift in Sources */,
				D04A1EAD22B56D0C00BEBC5C /* WeekTwoSquatDayViewController.swift in Sources */,
				D04A1E9F22B547D500BEBC5C /* WeekFourViewController.swift in Sources */,
				D04A1EAF22B56D1B00BEBC5C /* WeekTwoDeadliftDayViewController.swift in Sources */,
				D04A1EC922B5797B00BEBC5C /* BenchModel.swift in Sources */,
				D04A1EAA22B56CD800BEBC5C /* WeekOneOPDayViewController.swift in Sources */,
				D04A1EBC22B56D9F00BEBC5C /* WeekThreeOPDayViewController.swift in Sources */,
				D04A1EBA22B56D9000BEBC5C /* WeekThreeBenchDayViewController.swift in Sources */,
				D04A1E9D22B547C400BEBC5C /* WeekThreeViewController.swift in Sources */,
				D04A1EC722B5791A00BEBC5C /* SquatModel.swift in Sources */,
			);
			runOnlyForDeploymentPostprocessing = 0;
		};
/* End PBXSourcesBuildPhase section */

/* Begin PBXVariantGroup section */
		D02EEB9322B5059F008F6C11 /* Main.storyboard */ = {
			isa = PBXVariantGroup;
			children = (
				D02EEB9422B5059F008F6C11 /* Base */,
			);
			name = Main.storyboard;
			sourceTree = "<group>";
		};
		D02EEB9822B505A0008F6C11 /* LaunchScreen.storyboard */ = {
			isa = PBXVariantGroup;
			children = (
				D02EEB9922B505A0008F6C11 /* Base */,
			);
			name = LaunchScreen.storyboard;
			sourceTree = "<group>";
		};
/* End PBXVariantGroup section */

/* Begin XCBuildConfiguration section */
		D02EEB9C22B505A0008F6C11 /* Debug */ = {
			isa = XCBuildConfiguration;
			buildSettings = {
				ALWAYS_SEARCH_USER_PATHS = NO;
				CLANG_ANALYZER_NONNULL = YES;
				CLANG_ANALYZER_NUMBER_OBJECT_CONVERSION = YES_AGGRESSIVE;
				CLANG_CXX_LANGUAGE_STANDARD = "gnu++14";
				CLANG_CXX_LIBRARY = "libc++";
				CLANG_ENABLE_MODULES = YES;
				CLANG_ENABLE_OBJC_ARC = YES;
				CLANG_ENABLE_OBJC_WEAK = YES;
				CLANG_WARN_BLOCK_CAPTURE_AUTORELEASING = YES;
				CLANG_WARN_BOOL_CONVERSION = YES;
				CLANG_WARN_COMMA = YES;
				CLANG_WARN_CONSTANT_CONVERSION = YES;
				CLANG_WARN_DEPRECATED_OBJC_IMPLEMENTATIONS = YES;
				CLANG_WARN_DIRECT_OBJC_ISA_USAGE = YES_ERROR;
				CLANG_WARN_DOCUMENTATION_COMMENTS = YES;
				CLANG_WARN_EMPTY_BODY = YES;
				CLANG_WARN_ENUM_CONVERSION = YES;
				CLANG_WARN_INFINITE_RECURSION = YES;
				CLANG_WARN_INT_CONVERSION = YES;
				CLANG_WARN_NON_LITERAL_NULL_CONVERSION = YES;
				CLANG_WARN_OBJC_IMPLICIT_RETAIN_SELF = YES;
				CLANG_WARN_OBJC_LITERAL_CONVERSION = YES;
				CLANG_WARN_OBJC_ROOT_CLASS = YES_ERROR;
				CLANG_WARN_RANGE_LOOP_ANALYSIS = YES;
				CLANG_WARN_STRICT_PROTOTYPES = YES;
				CLANG_WARN_SUSPICIOUS_MOVE = YES;
				CLANG_WARN_UNGUARDED_AVAILABILITY = YES_AGGRESSIVE;
				CLANG_WARN_UNREACHABLE_CODE = YES;
				CLANG_WARN__DUPLICATE_METHOD_MATCH = YES;
				CODE_SIGN_IDENTITY = "iPhone Developer";
				COPY_PHASE_STRIP = NO;
				DEBUG_INFORMATION_FORMAT = dwarf;
				ENABLE_STRICT_OBJC_MSGSEND = YES;
				ENABLE_TESTABILITY = YES;
				GCC_C_LANGUAGE_STANDARD = gnu11;
				GCC_DYNAMIC_NO_PIC = NO;
				GCC_NO_COMMON_BLOCKS = YES;
				GCC_OPTIMIZATION_LEVEL = 0;
				GCC_PREPROCESSOR_DEFINITIONS = (
					"DEBUG=1",
					"$(inherited)",
				);
				GCC_WARN_64_TO_32_BIT_CONVERSION = YES;
				GCC_WARN_ABOUT_RETURN_TYPE = YES_ERROR;
				GCC_WARN_UNDECLARED_SELECTOR = YES;
				GCC_WARN_UNINITIALIZED_AUTOS = YES_AGGRESSIVE;
				GCC_WARN_UNUSED_FUNCTION = YES;
				GCC_WARN_UNUSED_VARIABLE = YES;
				IPHONEOS_DEPLOYMENT_TARGET = 12.2;
				MTL_ENABLE_DEBUG_INFO = INCLUDE_SOURCE;
				MTL_FAST_MATH = YES;
				ONLY_ACTIVE_ARCH = YES;
				SDKROOT = iphoneos;
				SWIFT_ACTIVE_COMPILATION_CONDITIONS = DEBUG;
				SWIFT_OPTIMIZATION_LEVEL = "-Onone";
			};
			name = Debug;
		};
		D02EEB9D22B505A0008F6C11 /* Release */ = {
			isa = XCBuildConfiguration;
			buildSettings = {
				ALWAYS_SEARCH_USER_PATHS = NO;
				CLANG_ANALYZER_NONNULL = YES;
				CLANG_ANALYZER_NUMBER_OBJECT_CONVERSION = YES_AGGRESSIVE;
				CLANG_CXX_LANGUAGE_STANDARD = "gnu++14";
				CLANG_CXX_LIBRARY = "libc++";
				CLANG_ENABLE_MODULES = YES;
				CLANG_ENABLE_OBJC_ARC = YES;
				CLANG_ENABLE_OBJC_WEAK = YES;
				CLANG_WARN_BLOCK_CAPTURE_AUTORELEASING = YES;
				CLANG_WARN_BOOL_CONVERSION = YES;
				CLANG_WARN_COMMA = YES;
				CLANG_WARN_CONSTANT_CONVERSION = YES;
				CLANG_WARN_DEPRECATED_OBJC_IMPLEMENTATIONS = YES;
				CLANG_WARN_DIRECT_OBJC_ISA_USAGE = YES_ERROR;
				CLANG_WARN_DOCUMENTATION_COMMENTS = YES;
				CLANG_WARN_EMPTY_BODY = YES;
				CLANG_WARN_ENUM_CONVERSION = YES;
				CLANG_WARN_INFINITE_RECURSION = YES;
				CLANG_WARN_INT_CONVERSION = YES;
				CLANG_WARN_NON_LITERAL_NULL_CONVERSION = YES;
				CLANG_WARN_OBJC_IMPLICIT_RETAIN_SELF = YES;
				CLANG_WARN_OBJC_LITERAL_CONVERSION = YES;
				CLANG_WARN_OBJC_ROOT_CLASS = YES_ERROR;
				CLANG_WARN_RANGE_LOOP_ANALYSIS = YES;
				CLANG_WARN_STRICT_PROTOTYPES = YES;
				CLANG_WARN_SUSPICIOUS_MOVE = YES;
				CLANG_WARN_UNGUARDED_AVAILABILITY = YES_AGGRESSIVE;
				CLANG_WARN_UNREACHABLE_CODE = YES;
				CLANG_WARN__DUPLICATE_METHOD_MATCH = YES;
				CODE_SIGN_IDENTITY = "iPhone Developer";
				COPY_PHASE_STRIP = NO;
				DEBUG_INFORMATION_FORMAT = "dwarf-with-dsym";
				ENABLE_NS_ASSERTIONS = NO;
				ENABLE_STRICT_OBJC_MSGSEND = YES;
				GCC_C_LANGUAGE_STANDARD = gnu11;
				GCC_NO_COMMON_BLOCKS = YES;
				GCC_WARN_64_TO_32_BIT_CONVERSION = YES;
				GCC_WARN_ABOUT_RETURN_TYPE = YES_ERROR;
				GCC_WARN_UNDECLARED_SELECTOR = YES;
				GCC_WARN_UNINITIALIZED_AUTOS = YES_AGGRESSIVE;
				GCC_WARN_UNUSED_FUNCTION = YES;
				GCC_WARN_UNUSED_VARIABLE = YES;
				IPHONEOS_DEPLOYMENT_TARGET = 12.2;
				MTL_ENABLE_DEBUG_INFO = NO;
				MTL_FAST_MATH = YES;
				SDKROOT = iphoneos;
				SWIFT_COMPILATION_MODE = wholemodule;
				SWIFT_OPTIMIZATION_LEVEL = "-O";
				VALIDATE_PRODUCT = YES;
			};
			name = Release;
		};
		D02EEB9F22B505A0008F6C11 /* Debug */ = {
			isa = XCBuildConfiguration;
			buildSettings = {
				ASSETCATALOG_COMPILER_APPICON_NAME = AppIcon;
				CODE_SIGN_STYLE = Automatic;
				DEVELOPMENT_TEAM = UG7N6QD42H;
				INFOPLIST_FILE = 531Zorzo/Info.plist;
				LD_RUNPATH_SEARCH_PATHS = (
					"$(inherited)",
					"@executable_path/Frameworks",
				);
				PRODUCT_BUNDLE_IDENTIFIER = "com.zorzoroth.-31Zorzo";
				PRODUCT_NAME = "$(TARGET_NAME)";
				SWIFT_VERSION = 5.0;
				TARGETED_DEVICE_FAMILY = "1,2";
			};
			name = Debug;
		};
		D02EEBA022B505A0008F6C11 /* Release */ = {
			isa = XCBuildConfiguration;
			buildSettings = {
				ASSETCATALOG_COMPILER_APPICON_NAME = AppIcon;
				CODE_SIGN_STYLE = Automatic;
				DEVELOPMENT_TEAM = UG7N6QD42H;
				INFOPLIST_FILE = 531Zorzo/Info.plist;
				LD_RUNPATH_SEARCH_PATHS = (
					"$(inherited)",
					"@executable_path/Frameworks",
				);
				PRODUCT_BUNDLE_IDENTIFIER = "com.zorzoroth.-31Zorzo";
				PRODUCT_NAME = "$(TARGET_NAME)";
				SWIFT_VERSION = 5.0;
				TARGETED_DEVICE_FAMILY = "1,2";
			};
			name = Release;
		};
/* End XCBuildConfiguration section */

/* Begin XCConfigurationList section */
		D02EEB8722B5059F008F6C11 /* Build configuration list for PBXProject "531Zorzo" */ = {
			isa = XCConfigurationList;
			buildConfigurations = (
				D02EEB9C22B505A0008F6C11 /* Debug */,
				D02EEB9D22B505A0008F6C11 /* Release */,
			);
			defaultConfigurationIsVisible = 0;
			defaultConfigurationName = Release;
		};
		D02EEB9E22B505A0008F6C11 /* Build configuration list for PBXNativeTarget "531Zorzo" */ = {
			isa = XCConfigurationList;
			buildConfigurations = (
				D02EEB9F22B505A0008F6C11 /* Debug */,
				D02EEBA022B505A0008F6C11 /* Release */,
			);
			defaultConfigurationIsVisible = 0;
			defaultConfigurationName = Release;
		};
/* End XCConfigurationList section */
	};
	rootObject = D02EEB8422B5059F008F6C11 /* Project object */;
}
